
Microsoft Visual Studio Solution File, Format Version 12.00
# Visual Studio Version 16
VisualStudioVersion = 16.0.30128.74
MinimumVisualStudioVersion = 10.0.40219.1
Project("{FAE04EC0-301F-11D3-BF4B-00C04F79EFBC}") = "MyDictionary", "MyDictionary\MyDictionary.csproj", "{DF5A8F12-9BB8-4906-A3B3-8C82FD6B8F22}"
EndProject
Global
	GlobalSection(SolutionConfigurationPlatforms) = preSolution
		Debug|Any CPU = Debug|Any CPU
		Release|Any CPU = Release|Any CPU
	EndGlobalSection
	GlobalSection(ProjectConfigurationPlatforms) = postSolution
		{DF5A8F12-9BB8-4906-A3B3-8C82FD6B8F22}.Debug|Any CPU.ActiveCfg = Debug|Any CPU
		{DF5A8F12-9BB8-4906-A3B3-8C82FD6B8F22}.Debug|Any CPU.Build.0 = Debug|Any CPU
		{DF5A8F12-9BB8-4906-A3B3-8C82FD6B8F22}.Release|Any CPU.ActiveCfg = Release|Any CPU
		{DF5A8F12-9BB8-4906-A3B3-8C82FD6B8F22}.Release|Any CPU.Build.0 = Release|Any CPU
	EndGlobalSection
	GlobalSection(SolutionProperties) = preSolution
		HideSolutionNode = FALSE
	EndGlobalSection
	GlobalSection(ExtensibilityGlobals) = postSolution
		SolutionGuid = {7E11494F-7F28-4F00-BB00-68DF90C1777B}
	EndGlobalSection
EndGlobal
